
Microsoft Visual Studio Solution File, Format Version 12.00
# Visual Studio 15
VisualStudioVersion = 15.0.28307.852
MinimumVisualStudioVersion = 10.0.40219.1
Project("{F14B399A-7131-4C87-9E4B-1186C45EF12D}") = "Report Project The Voice", "Report Project The Voice\Report Project The Voice.rptproj", "{815BFA03-88B8-43D3-AC69-A37B79BF2843}"
EndProject
Global
	GlobalSection(SolutionConfigurationPlatforms) = preSolution
		Debug|Default = Debug|Default
		DebugLocal|Default = DebugLocal|Default
		Release|Default = Release|Default
	EndGlobalSection
	GlobalSection(ProjectConfigurationPlatforms) = postSolution
		{815BFA03-88B8-43D3-AC69-A37B79BF2843}.Debug|Default.ActiveCfg = Debug
		{815BFA03-88B8-43D3-AC69-A37B79BF2843}.Debug|Default.Build.0 = Debug
		{815BFA03-88B8-43D3-AC69-A37B79BF2843}.Debug|Default.Deploy.0 = Debug
		{815BFA03-88B8-43D3-AC69-A37B79BF2843}.DebugLocal|Default.ActiveCfg = DebugLocal
		{815BFA03-88B8-43D3-AC69-A37B79BF2843}.DebugLocal|Default.Build.0 = DebugLocal
		{815BFA03-88B8-43D3-AC69-A37B79BF2843}.Release|Default.ActiveCfg = Release
		{815BFA03-88B8-43D3-AC69-A37B79BF2843}.Release|Default.Build.0 = Release
		{815BFA03-88B8-43D3-AC69-A37B79BF2843}.Release|Default.Deploy.0 = Release
	EndGlobalSection
	GlobalSection(SolutionProperties) = preSolution
		HideSolutionNode = FALSE
	EndGlobalSection
	GlobalSection(ExtensibilityGlobals) = postSolution
		SolutionGuid = {2331B651-1154-4F3F-90B4-C17533A9D2EF}
	EndGlobalSection
EndGlobal
